
Microsoft Visual Studio Solution File, Format Version 12.00
# Visual Studio 15
VisualStudioVersion = 15.0.27703.2026
MinimumVisualStudioVersion = 10.0.40219.1
Project("{FAE04EC0-301F-11D3-BF4B-00C04F79EFBC}") = "CryptoSharp", "CryptoSharp\CryptoSharp.csproj", "{F208B52E-7986-4D45-9636-0E54AAEF7E5D}"
	ProjectSection(ProjectDependencies) = postProject
		{A3F58123-2219-4137-BD6F-627E5A044AF5} = {A3F58123-2219-4137-BD6F-627E5A044AF5}
		{2254A738-63AC-4BE4-8254-0B7820EEE0B0} = {2254A738-63AC-4BE4-8254-0B7820EEE0B0}
		{4DA0ECA0-B019-480F-9468-F58277B5FEF5} = {4DA0ECA0-B019-480F-9468-F58277B5FEF5}
		{D374DDCB-3BC4-4C28-B494-965A097A3A30} = {D374DDCB-3BC4-4C28-B494-965A097A3A30}
		{20F2ECFD-0B3D-46E1-864F-CF22E4141C52} = {20F2ECFD-0B3D-46E1-864F-CF22E4141C52}
	EndProjectSection
EndProject
Project("{FAE04EC0-301F-11D3-BF4B-00C04F79EFBC}") = "DES_lib", "DES_lib\DES_lib.csproj", "{20F2ECFD-0B3D-46E1-864F-CF22E4141C52}"
EndProject
Project("{FAE04EC0-301F-11D3-BF4B-00C04F79EFBC}") = "AES_lib", "AES_lib\AES_lib.csproj", "{D374DDCB-3BC4-4C28-B494-965A097A3A30}"
EndProject
Project("{FAE04EC0-301F-11D3-BF4B-00C04F79EFBC}") = "RSA_lib", "RSA_lib\RSA_lib.csproj", "{A3F58123-2219-4137-BD6F-627E5A044AF5}"
EndProject
Project("{FAE04EC0-301F-11D3-BF4B-00C04F79EFBC}") = "BASE64_lib", "BASE64_lib\BASE64_lib.csproj", "{2254A738-63AC-4BE4-8254-0B7820EEE0B0}"
	ProjectSection(ProjectDependencies) = postProject
		{4DA0ECA0-B019-480F-9468-F58277B5FEF5} = {4DA0ECA0-B019-480F-9468-F58277B5FEF5}
	EndProjectSection
EndProject
Project("{FAE04EC0-301F-11D3-BF4B-00C04F79EFBC}") = "ByteString_lib", "ByteString\ByteString_lib.csproj", "{4DA0ECA0-B019-480F-9468-F58277B5FEF5}"
EndProject
Project("{FAE04EC0-301F-11D3-BF4B-00C04F79EFBC}") = "CryptoTest", "CryptoTest\CryptoTest.csproj", "{DB4B46E4-3F83-4CD8-AC44-2A795A06904E}"
EndProject
Project("{2150E333-8FDC-42A3-9474-1A3956D46DE8}") = "Solution Items", "Solution Items", "{6C226425-C7BD-46AD-97B4-7B4BA29654D5}"
	ProjectSection(SolutionItems) = preProject
		LICENSE = LICENSE
		Readme.md = Readme.md
	EndProjectSection
EndProject
Global
	GlobalSection(SolutionConfigurationPlatforms) = preSolution
		Debug|Any CPU = Debug|Any CPU
		Release|Any CPU = Release|Any CPU
	EndGlobalSection
	GlobalSection(ProjectConfigurationPlatforms) = postSolution
		{F208B52E-7986-4D45-9636-0E54AAEF7E5D}.Debug|Any CPU.ActiveCfg = Debug|Any CPU
		{F208B52E-7986-4D45-9636-0E54AAEF7E5D}.Debug|Any CPU.Build.0 = Debug|Any CPU
		{F208B52E-7986-4D45-9636-0E54AAEF7E5D}.Release|Any CPU.ActiveCfg = Release|Any CPU
		{F208B52E-7986-4D45-9636-0E54AAEF7E5D}.Release|Any CPU.Build.0 = Release|Any CPU
		{20F2ECFD-0B3D-46E1-864F-CF22E4141C52}.Debug|Any CPU.ActiveCfg = Debug|Any CPU
		{20F2ECFD-0B3D-46E1-864F-CF22E4141C52}.Debug|Any CPU.Build.0 = Debug|Any CPU
		{20F2ECFD-0B3D-46E1-864F-CF22E4141C52}.Release|Any CPU.ActiveCfg = Release|Any CPU
		{20F2ECFD-0B3D-46E1-864F-CF22E4141C52}.Release|Any CPU.Build.0 = Release|Any CPU
		{D374DDCB-3BC4-4C28-B494-965A097A3A30}.Debug|Any CPU.ActiveCfg = Debug|Any CPU
		{D374DDCB-3BC4-4C28-B494-965A097A3A30}.Debug|Any CPU.Build.0 = Debug|Any CPU
		{D374DDCB-3BC4-4C28-B494-965A097A3A30}.Release|Any CPU.ActiveCfg = Release|Any CPU
		{D374DDCB-3BC4-4C28-B494-965A097A3A30}.Release|Any CPU.Build.0 = Release|Any CPU
		{A3F58123-2219-4137-BD6F-627E5A044AF5}.Debug|Any CPU.ActiveCfg = Debug|Any CPU
		{A3F58123-2219-4137-BD6F-627E5A044AF5}.Debug|Any CPU.Build.0 = Debug|Any CPU
		{A3F58123-2219-4137-BD6F-627E5A044AF5}.Release|Any CPU.ActiveCfg = Release|Any CPU
		{A3F58123-2219-4137-BD6F-627E5A044AF5}.Release|Any CPU.Build.0 = Release|Any CPU
		{2254A738-63AC-4BE4-8254-0B7820EEE0B0}.Debug|Any CPU.ActiveCfg = Debug|Any CPU
		{2254A738-63AC-4BE4-8254-0B7820EEE0B0}.Debug|Any CPU.Build.0 = Debug|Any CPU
		{2254A738-63AC-4BE4-8254-0B7820EEE0B0}.Release|Any CPU.ActiveCfg = Release|Any CPU
		{2254A738-63AC-4BE4-8254-0B7820EEE0B0}.Release|Any CPU.Build.0 = Release|Any CPU
		{4DA0ECA0-B019-480F-9468-F58277B5FEF5}.Debug|Any CPU.ActiveCfg = Debug|Any CPU
		{4DA0ECA0-B019-480F-9468-F58277B5FEF5}.Debug|Any CPU.Build.0 = Debug|Any CPU
		{4DA0ECA0-B019-480F-9468-F58277B5FEF5}.Release|Any CPU.ActiveCfg = Release|Any CPU
		{4DA0ECA0-B019-480F-9468-F58277B5FEF5}.Release|Any CPU.Build.0 = Release|Any CPU
		{DB4B46E4-3F83-4CD8-AC44-2A795A06904E}.Debug|Any CPU.ActiveCfg = Debug|Any CPU
		{DB4B46E4-3F83-4CD8-AC44-2A795A06904E}.Debug|Any CPU.Build.0 = Debug|Any CPU
		{DB4B46E4-3F83-4CD8-AC44-2A795A06904E}.Release|Any CPU.ActiveCfg = Release|Any CPU
		{DB4B46E4-3F83-4CD8-AC44-2A795A06904E}.Release|Any CPU.Build.0 = Release|Any CPU
	EndGlobalSection
	GlobalSection(SolutionProperties) = preSolution
		HideSolutionNode = FALSE
	EndGlobalSection
	GlobalSection(ExtensibilityGlobals) = postSolution
		SolutionGuid = {B7E0008C-163D-4AD2-A3D8-0EF2DC2E9907}
	EndGlobalSection
EndGlobal
